// !$*UTF8*$!
{
	archiveVersion = 1;
	classes = {
	};
	objectVersion = 56;
	objects = {

/* Begin PBXBuildFile section */
		4B89A4C32B0F731900DC7CD9 /* CalPalSwift2App.swift in Sources */ = {isa = PBXBuildFile; fileRef = 4B89A4C22B0F731900DC7CD9 /* CalPalSwift2App.swift */; };
		4B89A4C72B0F731A00DC7CD9 /* Assets.xcassets in Resources */ = {isa = PBXBuildFile; fileRef = 4B89A4C62B0F731A00DC7CD9 /* Assets.xcassets */; };
		4B89A4CA2B0F731A00DC7CD9 /* Preview Assets.xcassets in Resources */ = {isa = PBXBuildFile; fileRef = 4B89A4C92B0F731A00DC7CD9 /* Preview Assets.xcassets */; };
		4B89A4D42B0F738600DC7CD9 /* OpenFoodFactsService.swift in Sources */ = {isa = PBXBuildFile; fileRef = 4B89A4D32B0F738600DC7CD9 /* OpenFoodFactsService.swift */; };
		4B89A4D62B0F73A000DC7CD9 /* FoodFacts.swift in Sources */ = {isa = PBXBuildFile; fileRef = 4B89A4D52B0F73A000DC7CD9 /* FoodFacts.swift */; };
		4B89A4D82B0F746300DC7CD9 /* Product.swift in Sources */ = {isa = PBXBuildFile; fileRef = 4B89A4D72B0F746300DC7CD9 /* Product.swift */; };
		4B89A4DA2B0F748900DC7CD9 /* Nutriments.swift in Sources */ = {isa = PBXBuildFile; fileRef = 4B89A4D92B0F748900DC7CD9 /* Nutriments.swift */; };
		4B89A4DD2B0F769F00DC7CD9 /* EatenItem.swift in Sources */ = {isa = PBXBuildFile; fileRef = 4B89A4DC2B0F769F00DC7CD9 /* EatenItem.swift */; };
		4B89A4E22B0F76F700DC7CD9 /* MealTime.swift in Sources */ = {isa = PBXBuildFile; fileRef = 4B89A4E12B0F76F700DC7CD9 /* MealTime.swift */; };
		4B89A4E72B0F783100DC7CD9 /* DashboardView.swift in Sources */ = {isa = PBXBuildFile; fileRef = 4B89A4E62B0F783100DC7CD9 /* DashboardView.swift */; };
		4B89A4E92B0F7D0C00DC7CD9 /* RootView.swift in Sources */ = {isa = PBXBuildFile; fileRef = 4B89A4E82B0F7D0C00DC7CD9 /* RootView.swift */; };
		4B89A4ED2B0F7D8F00DC7CD9 /* SettingsView.swift in Sources */ = {isa = PBXBuildFile; fileRef = 4B89A4EC2B0F7D8F00DC7CD9 /* SettingsView.swift */; };
		4B89A4F12B0F7DB700DC7CD9 /* StatisticsView.swift in Sources */ = {isa = PBXBuildFile; fileRef = 4B89A4F02B0F7DB700DC7CD9 /* StatisticsView.swift */; };
		4B89A4F32B0F817100DC7CD9 /* RootViewModel.swift in Sources */ = {isa = PBXBuildFile; fileRef = 4B89A4F22B0F817100DC7CD9 /* RootViewModel.swift */; };
		4B89A4F52B0F85A000DC7CD9 /* CalorieStatus.swift in Sources */ = {isa = PBXBuildFile; fileRef = 4B89A4F42B0F85A000DC7CD9 /* CalorieStatus.swift */; };
		4B89A4F72B0F878400DC7CD9 /* ChartData.swift in Sources */ = {isa = PBXBuildFile; fileRef = 4B89A4F62B0F878400DC7CD9 /* ChartData.swift */; };
		4B89A4F92B0FA7EB00DC7CD9 /* PieChartView.swift in Sources */ = {isa = PBXBuildFile; fileRef = 4B89A4F82B0FA7EB00DC7CD9 /* PieChartView.swift */; };
		4B89A4FB2B0FA84800DC7CD9 /* EatenItemsListView.swift in Sources */ = {isa = PBXBuildFile; fileRef = 4B89A4FA2B0FA84800DC7CD9 /* EatenItemsListView.swift */; };
		4B89A4FF2B0FC30300DC7CD9 /* 1_a.png in Resources */ = {isa = PBXBuildFile; fileRef = 4B89A4FE2B0FC30300DC7CD9 /* 1_a.png */; };
		4B89A5012B0FC31600DC7CD9 /* 1_b.png in Resources */ = {isa = PBXBuildFile; fileRef = 4B89A5002B0FC31600DC7CD9 /* 1_b.png */; };
		4B89A5042B0FC4F100DC7CD9 /* UserSettings.swift in Sources */ = {isa = PBXBuildFile; fileRef = 4B89A5032B0FC4F100DC7CD9 /* UserSettings.swift */; };
		4B89A5062B0FC52900DC7CD9 /* Gender.swift in Sources */ = {isa = PBXBuildFile; fileRef = 4B89A5052B0FC52900DC7CD9 /* Gender.swift */; };
		4B89A5082B0FC57000DC7CD9 /* ActivityLevel.swift in Sources */ = {isa = PBXBuildFile; fileRef = 4B89A5072B0FC57000DC7CD9 /* ActivityLevel.swift */; };
		4B89A50A2B0FC58000DC7CD9 /* Goal.swift in Sources */ = {isa = PBXBuildFile; fileRef = 4B89A5092B0FC58000DC7CD9 /* Goal.swift */; };
/* End PBXBuildFile section */

/* Begin PBXFileReference section */
		4B89A4BF2B0F731900DC7CD9 /* CalPalSwift2.app */ = {isa = PBXFileReference; explicitFileType = wrapper.application; includeInIndex = 0; path = CalPalSwift2.app; sourceTree = BUILT_PRODUCTS_DIR; };
		4B89A4C22B0F731900DC7CD9 /* CalPalSwift2App.swift */ = {isa = PBXFileReference; lastKnownFileType = sourcecode.swift; path = CalPalSwift2App.swift; sourceTree = "<group>"; };
		4B89A4C62B0F731A00DC7CD9 /* Assets.xcassets */ = {isa = PBXFileReference; lastKnownFileType = folder.assetcatalog; path = Assets.xcassets; sourceTree = "<group>"; };
		4B89A4C92B0F731A00DC7CD9 /* Preview Assets.xcassets */ = {isa = PBXFileReference; lastKnownFileType = folder.assetcatalog; path = "Preview Assets.xcassets"; sourceTree = "<group>"; };
		4B89A4D32B0F738600DC7CD9 /* OpenFoodFactsService.swift */ = {isa = PBXFileReference; lastKnownFileType = sourcecode.swift; path = OpenFoodFactsService.swift; sourceTree = "<group>"; };
		4B89A4D52B0F73A000DC7CD9 /* FoodFacts.swift */ = {isa = PBXFileReference; lastKnownFileType = sourcecode.swift; path = FoodFacts.swift; sourceTree = "<group>"; };
		4B89A4D72B0F746300DC7CD9 /* Product.swift */ = {isa = PBXFileReference; lastKnownFileType = sourcecode.swift; path = Product.swift; sourceTree = "<group>"; };
		4B89A4D92B0F748900DC7CD9 /* Nutriments.swift */ = {isa = PBXFileReference; lastKnownFileType = sourcecode.swift; path = Nutriments.swift; sourceTree = "<group>"; };
		4B89A4DC2B0F769F00DC7CD9 /* EatenItem.swift */ = {isa = PBXFileReference; lastKnownFileType = sourcecode.swift; path = EatenItem.swift; sourceTree = "<group>"; };
		4B89A4E12B0F76F700DC7CD9 /* MealTime.swift */ = {isa = PBXFileReference; lastKnownFileType = sourcecode.swift; path = MealTime.swift; sourceTree = "<group>"; };
		4B89A4E62B0F783100DC7CD9 /* DashboardView.swift */ = {isa = PBXFileReference; lastKnownFileType = sourcecode.swift; path = DashboardView.swift; sourceTree = "<group>"; };
		4B89A4E82B0F7D0C00DC7CD9 /* RootView.swift */ = {isa = PBXFileReference; lastKnownFileType = sourcecode.swift; path = RootView.swift; sourceTree = "<group>"; };
		4B89A4EC2B0F7D8F00DC7CD9 /* SettingsView.swift */ = {isa = PBXFileReference; lastKnownFileType = sourcecode.swift; path = SettingsView.swift; sourceTree = "<group>"; };
		4B89A4F02B0F7DB700DC7CD9 /* StatisticsView.swift */ = {isa = PBXFileReference; lastKnownFileType = sourcecode.swift; path = StatisticsView.swift; sourceTree = "<group>"; };
		4B89A4F22B0F817100DC7CD9 /* RootViewModel.swift */ = {isa = PBXFileReference; lastKnownFileType = sourcecode.swift; path = RootViewModel.swift; sourceTree = "<group>"; };
		4B89A4F42B0F85A000DC7CD9 /* CalorieStatus.swift */ = {isa = PBXFileReference; lastKnownFileType = sourcecode.swift; path = CalorieStatus.swift; sourceTree = "<group>"; };
		4B89A4F62B0F878400DC7CD9 /* ChartData.swift */ = {isa = PBXFileReference; lastKnownFileType = sourcecode.swift; path = ChartData.swift; sourceTree = "<group>"; };
		4B89A4F82B0FA7EB00DC7CD9 /* PieChartView.swift */ = {isa = PBXFileReference; lastKnownFileType = sourcecode.swift; path = PieChartView.swift; sourceTree = "<group>"; };
		4B89A4FA2B0FA84800DC7CD9 /* EatenItemsListView.swift */ = {isa = PBXFileReference; lastKnownFileType = sourcecode.swift; path = EatenItemsListView.swift; sourceTree = "<group>"; };
		4B89A4FC2B0FC2DA00DC7CD9 /* README.md */ = {isa = PBXFileReference; lastKnownFileType = net.daringfireball.markdown; path = README.md; sourceTree = "<group>"; };
		4B89A4FE2B0FC30300DC7CD9 /* 1_a.png */ = {isa = PBXFileReference; lastKnownFileType = image.png; path = 1_a.png; sourceTree = "<group>"; };
		4B89A5002B0FC31600DC7CD9 /* 1_b.png */ = {isa = PBXFileReference; lastKnownFileType = image.png; path = 1_b.png; sourceTree = "<group>"; };
		4B89A5032B0FC4F100DC7CD9 /* UserSettings.swift */ = {isa = PBXFileReference; lastKnownFileType = sourcecode.swift; path = UserSettings.swift; sourceTree = "<group>"; };
		4B89A5052B0FC52900DC7CD9 /* Gender.swift */ = {isa = PBXFileReference; lastKnownFileType = sourcecode.swift; path = Gender.swift; sourceTree = "<group>"; };
		4B89A5072B0FC57000DC7CD9 /* ActivityLevel.swift */ = {isa = PBXFileReference; lastKnownFileType = sourcecode.swift; path = ActivityLevel.swift; sourceTree = "<group>"; };
		4B89A5092B0FC58000DC7CD9 /* Goal.swift */ = {isa = PBXFileReference; lastKnownFileType = sourcecode.swift; path = Goal.swift; sourceTree = "<group>"; };
/* End PBXFileReference section */

/* Begin PBXFrameworksBuildPhase section */
		4B89A4BC2B0F731900DC7CD9 /* Frameworks */ = {
			isa = PBXFrameworksBuildPhase;
			buildActionMask = 2147483647;
			files = (
			);
			runOnlyForDeploymentPostprocessing = 0;
		};
/* End PBXFrameworksBuildPhase section */

/* Begin PBXGroup section */
		4B89A4B62B0F731900DC7CD9 = {
			isa = PBXGroup;
			children = (
				4B89A4FC2B0FC2DA00DC7CD9 /* README.md */,
				4B89A4FD2B0FC2E400DC7CD9 /* screenshots */,
				4B89A4C12B0F731900DC7CD9 /* CalPalSwift2 */,
				4B89A4C02B0F731900DC7CD9 /* Products */,
			);
			sourceTree = "<group>";
		};
		4B89A4C02B0F731900DC7CD9 /* Products */ = {
			isa = PBXGroup;
			children = (
				4B89A4BF2B0F731900DC7CD9 /* CalPalSwift2.app */,
			);
			name = Products;
			sourceTree = "<group>";
		};
		4B89A4C12B0F731900DC7CD9 /* CalPalSwift2 */ = {
			isa = PBXGroup;
			children = (
				4B89A4D22B0F736600DC7CD9 /* Services */,
				4B89A4D12B0F735E00DC7CD9 /* Models */,
				4B89A4D02B0F735500DC7CD9 /* Core */,
				4B89A4C22B0F731900DC7CD9 /* CalPalSwift2App.swift */,
				4B89A4C62B0F731A00DC7CD9 /* Assets.xcassets */,
				4B89A4C82B0F731A00DC7CD9 /* Preview Content */,
			);
			path = CalPalSwift2;
			sourceTree = "<group>";
		};
		4B89A4C82B0F731A00DC7CD9 /* Preview Content */ = {
			isa = PBXGroup;
			children = (
				4B89A4C92B0F731A00DC7CD9 /* Preview Assets.xcassets */,
			);
			path = "Preview Content";
			sourceTree = "<group>";
		};
		4B89A4D02B0F735500DC7CD9 /* Core */ = {
			isa = PBXGroup;
			children = (
				4B89A4E82B0F7D0C00DC7CD9 /* RootView.swift */,
				4B89A4F22B0F817100DC7CD9 /* RootViewModel.swift */,
				4B89A4E32B0F780D00DC7CD9 /* Dashboard */,
				4B89A4EE2B0F7D9B00DC7CD9 /* Statistics */,
				4B89A4EB2B0F7D8000DC7CD9 /* Settings */,
			);
			path = Core;
			sourceTree = "<group>";
		};
		4B89A4D12B0F735E00DC7CD9 /* Models */ = {
			isa = PBXGroup;
			children = (
				4B89A4E02B0F76EC00DC7CD9 /* Enums */,
				4B89A4D52B0F73A000DC7CD9 /* FoodFacts.swift */,
				4B89A4D72B0F746300DC7CD9 /* Product.swift */,
				4B89A4D92B0F748900DC7CD9 /* Nutriments.swift */,
				4B89A4DC2B0F769F00DC7CD9 /* EatenItem.swift */,
				4B89A4F62B0F878400DC7CD9 /* ChartData.swift */,
				4B89A5032B0FC4F100DC7CD9 /* UserSettings.swift */,
			);
			path = Models;
			sourceTree = "<group>";
		};
		4B89A4D22B0F736600DC7CD9 /* Services */ = {
			isa = PBXGroup;
			children = (
				4B89A4D32B0F738600DC7CD9 /* OpenFoodFactsService.swift */,
			);
			path = Services;
			sourceTree = "<group>";
		};
		4B89A4E02B0F76EC00DC7CD9 /* Enums */ = {
			isa = PBXGroup;
			children = (
				4B89A4E12B0F76F700DC7CD9 /* MealTime.swift */,
				4B89A4F42B0F85A000DC7CD9 /* CalorieStatus.swift */,
				4B89A5052B0FC52900DC7CD9 /* Gender.swift */,
				4B89A5072B0FC57000DC7CD9 /* ActivityLevel.swift */,
				4B89A5092B0FC58000DC7CD9 /* Goal.swift */,
			);
			path = Enums;
			sourceTree = "<group>";
		};
		4B89A4E32B0F780D00DC7CD9 /* Dashboard */ = {
			isa = PBXGroup;
			children = (
				4B89A5022B0FC48B00DC7CD9 /* Components */,
				4B89A4E62B0F783100DC7CD9 /* DashboardView.swift */,
			);
			path = Dashboard;
			sourceTree = "<group>";
		};
		4B89A4EB2B0F7D8000DC7CD9 /* Settings */ = {
			isa = PBXGroup;
			children = (
				4B89A4EC2B0F7D8F00DC7CD9 /* SettingsView.swift */,
			);
			path = Settings;
			sourceTree = "<group>";
		};
		4B89A4EE2B0F7D9B00DC7CD9 /* Statistics */ = {
			isa = PBXGroup;
			children = (
				4B89A4F02B0F7DB700DC7CD9 /* StatisticsView.swift */,
			);
			path = Statistics;
			sourceTree = "<group>";
		};
		4B89A4FD2B0FC2E400DC7CD9 /* screenshots */ = {
			isa = PBXGroup;
			children = (
				4B89A4FE2B0FC30300DC7CD9 /* 1_a.png */,
				4B89A5002B0FC31600DC7CD9 /* 1_b.png */,
			);
			path = screenshots;
			sourceTree = "<group>";
		};
		4B89A5022B0FC48B00DC7CD9 /* Components */ = {
			isa = PBXGroup;
			children = (
				4B89A4F82B0FA7EB00DC7CD9 /* PieChartView.swift */,
				4B89A4FA2B0FA84800DC7CD9 /* EatenItemsListView.swift */,
			);
			path = Components;
			sourceTree = "<group>";
		};
/* End PBXGroup section */

/* Begin PBXNativeTarget section */
		4B89A4BE2B0F731900DC7CD9 /* CalPalSwift2 */ = {
			isa = PBXNativeTarget;
			buildConfigurationList = 4B89A4CD2B0F731A00DC7CD9 /* Build configuration list for PBXNativeTarget "CalPalSwift2" */;
			buildPhases = (
				4B89A4BB2B0F731900DC7CD9 /* Sources */,
				4B89A4BC2B0F731900DC7CD9 /* Frameworks */,
				4B89A4BD2B0F731900DC7CD9 /* Resources */,
			);
			buildRules = (
			);
			dependencies = (
			);
			name = CalPalSwift2;
			productName = CalPalSwift2;
			productReference = 4B89A4BF2B0F731900DC7CD9 /* CalPalSwift2.app */;
			productType = "com.apple.product-type.application";
		};
/* End PBXNativeTarget section */

/* Begin PBXProject section */
		4B89A4B72B0F731900DC7CD9 /* Project object */ = {
			isa = PBXProject;
			attributes = {
				BuildIndependentTargetsInParallel = 1;
				LastSwiftUpdateCheck = 1500;
				LastUpgradeCheck = 1500;
				TargetAttributes = {
					4B89A4BE2B0F731900DC7CD9 = {
						CreatedOnToolsVersion = 15.0.1;
					};
				};
			};
			buildConfigurationList = 4B89A4BA2B0F731900DC7CD9 /* Build configuration list for PBXProject "CalPalSwift2" */;
			compatibilityVersion = "Xcode 14.0";
			developmentRegion = en;
			hasScannedForEncodings = 0;
			knownRegions = (
				en,
				Base,
			);
			mainGroup = 4B89A4B62B0F731900DC7CD9;
			productRefGroup = 4B89A4C02B0F731900DC7CD9 /* Products */;
			projectDirPath = "";
			projectRoot = "";
			targets = (
				4B89A4BE2B0F731900DC7CD9 /* CalPalSwift2 */,
			);
		};
/* End PBXProject section */

/* Begin PBXResourcesBuildPhase section */
		4B89A4BD2B0F731900DC7CD9 /* Resources */ = {
			isa = PBXResourcesBuildPhase;
			buildActionMask = 2147483647;
			files = (
				4B89A4FF2B0FC30300DC7CD9 /* 1_a.png in Resources */,
				4B89A4CA2B0F731A00DC7CD9 /* Preview Assets.xcassets in Resources */,
				4B89A5012B0FC31600DC7CD9 /* 1_b.png in Resources */,
				4B89A4C72B0F731A00DC7CD9 /* Assets.xcassets in Resources */,
			);
			runOnlyForDeploymentPostprocessing = 0;
		};
/* End PBXResourcesBuildPhase section */

/* Begin PBXSourcesBuildPhase section */
		4B89A4BB2B0F731900DC7CD9 /* Sources */ = {
			isa = PBXSourcesBuildPhase;
			buildActionMask = 2147483647;
			files = (
				4B89A4D42B0F738600DC7CD9 /* OpenFoodFactsService.swift in Sources */,
				4B89A5082B0FC57000DC7CD9 /* ActivityLevel.swift in Sources */,
				4B89A4DD2B0F769F00DC7CD9 /* EatenItem.swift in Sources */,
				4B89A4DA2B0F748900DC7CD9 /* Nutriments.swift in Sources */,
				4B89A4D82B0F746300DC7CD9 /* Product.swift in Sources */,
				4B89A4F72B0F878400DC7CD9 /* ChartData.swift in Sources */,
				4B89A4C32B0F731900DC7CD9 /* CalPalSwift2App.swift in Sources */,
				4B89A5062B0FC52900DC7CD9 /* Gender.swift in Sources */,
				4B89A50A2B0FC58000DC7CD9 /* Goal.swift in Sources */,
				4B89A4F92B0FA7EB00DC7CD9 /* PieChartView.swift in Sources */,
				4B89A4ED2B0F7D8F00DC7CD9 /* SettingsView.swift in Sources */,
				4B89A4F52B0F85A000DC7CD9 /* CalorieStatus.swift in Sources */,
				4B89A4FB2B0FA84800DC7CD9 /* EatenItemsListView.swift in Sources */,
				4B89A4E72B0F783100DC7CD9 /* DashboardView.swift in Sources */,
				4B89A4D62B0F73A000DC7CD9 /* FoodFacts.swift in Sources */,
				4B89A4F12B0F7DB700DC7CD9 /* StatisticsView.swift in Sources */,
				4B89A4E22B0F76F700DC7CD9 /* MealTime.swift in Sources */,
				4B89A4F32B0F817100DC7CD9 /* RootViewModel.swift in Sources */,
				4B89A4E92B0F7D0C00DC7CD9 /* RootView.swift in Sources */,
				4B89A5042B0FC4F100DC7CD9 /* UserSettings.swift in Sources */,
			);
			runOnlyForDeploymentPostprocessing = 0;
		};
/* End PBXSourcesBuildPhase section */

/* Begin XCBuildConfiguration section */
		4B89A4CB2B0F731A00DC7CD9 /* Debug */ = {
			isa = XCBuildConfiguration;
			buildSettings = {
				ALWAYS_SEARCH_USER_PATHS = NO;
				ASSETCATALOG_COMPILER_GENERATE_SWIFT_ASSET_SYMBOL_EXTENSIONS = YES;
				CLANG_ANALYZER_NONNULL = YES;
				CLANG_ANALYZER_NUMBER_OBJECT_CONVERSION = YES_AGGRESSIVE;
				CLANG_CXX_LANGUAGE_STANDARD = "gnu++20";
				CLANG_ENABLE_MODULES = YES;
				CLANG_ENABLE_OBJC_ARC = YES;
				CLANG_ENABLE_OBJC_WEAK = YES;
				CLANG_WARN_BLOCK_CAPTURE_AUTORELEASING = YES;
				CLANG_WARN_BOOL_CONVERSION = YES;
				CLANG_WARN_COMMA = YES;
				CLANG_WARN_CONSTANT_CONVERSION = YES;
				CLANG_WARN_DEPRECATED_OBJC_IMPLEMENTATIONS = YES;
				CLANG_WARN_DIRECT_OBJC_ISA_USAGE = YES_ERROR;
				CLANG_WARN_DOCUMENTATION_COMMENTS = YES;
				CLANG_WARN_EMPTY_BODY = YES;
				CLANG_WARN_ENUM_CONVERSION = YES;
				CLANG_WARN_INFINITE_RECURSION = YES;
				CLANG_WARN_INT_CONVERSION = YES;
				CLANG_WARN_NON_LITERAL_NULL_CONVERSION = YES;
				CLANG_WARN_OBJC_IMPLICIT_RETAIN_SELF = YES;
				CLANG_WARN_OBJC_LITERAL_CONVERSION = YES;
				CLANG_WARN_OBJC_ROOT_CLASS = YES_ERROR;
				CLANG_WARN_QUOTED_INCLUDE_IN_FRAMEWORK_HEADER = YES;
				CLANG_WARN_RANGE_LOOP_ANALYSIS = YES;
				CLANG_WARN_STRICT_PROTOTYPES = YES;
				CLANG_WARN_SUSPICIOUS_MOVE = YES;
				CLANG_WARN_UNGUARDED_AVAILABILITY = YES_AGGRESSIVE;
				CLANG_WARN_UNREACHABLE_CODE = YES;
				CLANG_WARN__DUPLICATE_METHOD_MATCH = YES;
				COPY_PHASE_STRIP = NO;
				DEBUG_INFORMATION_FORMAT = dwarf;
				ENABLE_STRICT_OBJC_MSGSEND = YES;
				ENABLE_TESTABILITY = YES;
				ENABLE_USER_SCRIPT_SANDBOXING = YES;
				GCC_C_LANGUAGE_STANDARD = gnu17;
				GCC_DYNAMIC_NO_PIC = NO;
				GCC_NO_COMMON_BLOCKS = YES;
				GCC_OPTIMIZATION_LEVEL = 0;
				GCC_PREPROCESSOR_DEFINITIONS = (
					"DEBUG=1",
					"$(inherited)",
				);
				GCC_WARN_64_TO_32_BIT_CONVERSION = YES;
				GCC_WARN_ABOUT_RETURN_TYPE = YES_ERROR;
				GCC_WARN_UNDECLARED_SELECTOR = YES;
				GCC_WARN_UNINITIALIZED_AUTOS = YES_AGGRESSIVE;
				GCC_WARN_UNUSED_FUNCTION = YES;
				GCC_WARN_UNUSED_VARIABLE = YES;
				IPHONEOS_DEPLOYMENT_TARGET = 17.0;
				LOCALIZATION_PREFERS_STRING_CATALOGS = YES;
				MTL_ENABLE_DEBUG_INFO = INCLUDE_SOURCE;
				MTL_FAST_MATH = YES;
				ONLY_ACTIVE_ARCH = YES;
				SDKROOT = iphoneos;
				SWIFT_ACTIVE_COMPILATION_CONDITIONS = "DEBUG $(inherited)";
				SWIFT_OPTIMIZATION_LEVEL = "-Onone";
			};
			name = Debug;
		};
		4B89A4CC2B0F731A00DC7CD9 /* Release */ = {
			isa = XCBuildConfiguration;
			buildSettings = {
				ALWAYS_SEARCH_USER_PATHS = NO;
				ASSETCATALOG_COMPILER_GENERATE_SWIFT_ASSET_SYMBOL_EXTENSIONS = YES;
				CLANG_ANALYZER_NONNULL = YES;
				CLANG_ANALYZER_NUMBER_OBJECT_CONVERSION = YES_AGGRESSIVE;
				CLANG_CXX_LANGUAGE_STANDARD = "gnu++20";
				CLANG_ENABLE_MODULES = YES;
				CLANG_ENABLE_OBJC_ARC = YES;
				CLANG_ENABLE_OBJC_WEAK = YES;
				CLANG_WARN_BLOCK_CAPTURE_AUTORELEASING = YES;
				CLANG_WARN_BOOL_CONVERSION = YES;
				CLANG_WARN_COMMA = YES;
				CLANG_WARN_CONSTANT_CONVERSION = YES;
				CLANG_WARN_DEPRECATED_OBJC_IMPLEMENTATIONS = YES;
				CLANG_WARN_DIRECT_OBJC_ISA_USAGE = YES_ERROR;
				CLANG_WARN_DOCUMENTATION_COMMENTS = YES;
				CLANG_WARN_EMPTY_BODY = YES;
				CLANG_WARN_ENUM_CONVERSION = YES;
				CLANG_WARN_INFINITE_RECURSION = YES;
				CLANG_WARN_INT_CONVERSION = YES;
				CLANG_WARN_NON_LITERAL_NULL_CONVERSION = YES;
				CLANG_WARN_OBJC_IMPLICIT_RETAIN_SELF = YES;
				CLANG_WARN_OBJC_LITERAL_CONVERSION = YES;
				CLANG_WARN_OBJC_ROOT_CLASS = YES_ERROR;
				CLANG_WARN_QUOTED_INCLUDE_IN_FRAMEWORK_HEADER = YES;
				CLANG_WARN_RANGE_LOOP_ANALYSIS = YES;
				CLANG_WARN_STRICT_PROTOTYPES = YES;
				CLANG_WARN_SUSPICIOUS_MOVE = YES;
				CLANG_WARN_UNGUARDED_AVAILABILITY = YES_AGGRESSIVE;
				CLANG_WARN_UNREACHABLE_CODE = YES;
				CLANG_WARN__DUPLICATE_METHOD_MATCH = YES;
				COPY_PHASE_STRIP = NO;
				DEBUG_INFORMATION_FORMAT = "dwarf-with-dsym";
				ENABLE_NS_ASSERTIONS = NO;
				ENABLE_STRICT_OBJC_MSGSEND = YES;
				ENABLE_USER_SCRIPT_SANDBOXING = YES;
				GCC_C_LANGUAGE_STANDARD = gnu17;
				GCC_NO_COMMON_BLOCKS = YES;
				GCC_WARN_64_TO_32_BIT_CONVERSION = YES;
				GCC_WARN_ABOUT_RETURN_TYPE = YES_ERROR;
				GCC_WARN_UNDECLARED_SELECTOR = YES;
				GCC_WARN_UNINITIALIZED_AUTOS = YES_AGGRESSIVE;
				GCC_WARN_UNUSED_FUNCTION = YES;
				GCC_WARN_UNUSED_VARIABLE = YES;
				IPHONEOS_DEPLOYMENT_TARGET = 17.0;
				LOCALIZATION_PREFERS_STRING_CATALOGS = YES;
				MTL_ENABLE_DEBUG_INFO = NO;
				MTL_FAST_MATH = YES;
				SDKROOT = iphoneos;
				SWIFT_COMPILATION_MODE = wholemodule;
				VALIDATE_PRODUCT = YES;
			};
			name = Release;
		};
		4B89A4CE2B0F731A00DC7CD9 /* Debug */ = {
			isa = XCBuildConfiguration;
			buildSettings = {
				ASSETCATALOG_COMPILER_APPICON_NAME = AppIcon;
				ASSETCATALOG_COMPILER_GLOBAL_ACCENT_COLOR_NAME = AccentColor;
				CODE_SIGN_STYLE = Automatic;
				CURRENT_PROJECT_VERSION = 1;
				DEVELOPMENT_ASSET_PATHS = "\"CalPalSwift2/Preview Content\"";
				DEVELOPMENT_TEAM = Z93V4S588G;
				ENABLE_PREVIEWS = YES;
				GENERATE_INFOPLIST_FILE = YES;
				INFOPLIST_KEY_UIApplicationSceneManifest_Generation = YES;
				INFOPLIST_KEY_UIApplicationSupportsIndirectInputEvents = YES;
				INFOPLIST_KEY_UILaunchScreen_Generation = YES;
				INFOPLIST_KEY_UISupportedInterfaceOrientations_iPad = "UIInterfaceOrientationPortrait UIInterfaceOrientationPortraitUpsideDown UIInterfaceOrientationLandscapeLeft UIInterfaceOrientationLandscapeRight";
				INFOPLIST_KEY_UISupportedInterfaceOrientations_iPhone = UIInterfaceOrientationPortrait;
				LD_RUNPATH_SEARCH_PATHS = (
					"$(inherited)",
					"@executable_path/Frameworks",
				);
				MARKETING_VERSION = 1.0;
				PRODUCT_BUNDLE_IDENTIFIER = com.janpschwietzer.CalPalSwift2;
				PRODUCT_NAME = "$(TARGET_NAME)";
				SWIFT_EMIT_LOC_STRINGS = YES;
				SWIFT_VERSION = 5.0;
				TARGETED_DEVICE_FAMILY = "1,2";
			};
			name = Debug;
		};
		4B89A4CF2B0F731A00DC7CD9 /* Release */ = {
			isa = XCBuildConfiguration;
			buildSettings = {
				ASSETCATALOG_COMPILER_APPICON_NAME = AppIcon;
				ASSETCATALOG_COMPILER_GLOBAL_ACCENT_COLOR_NAME = AccentColor;
				CODE_SIGN_STYLE = Automatic;
				CURRENT_PROJECT_VERSION = 1;
				DEVELOPMENT_ASSET_PATHS = "\"CalPalSwift2/Preview Content\"";
				DEVELOPMENT_TEAM = Z93V4S588G;
				ENABLE_PREVIEWS = YES;
				GENERATE_INFOPLIST_FILE = YES;
				INFOPLIST_KEY_UIApplicationSceneManifest_Generation = YES;
				INFOPLIST_KEY_UIApplicationSupportsIndirectInputEvents = YES;
				INFOPLIST_KEY_UILaunchScreen_Generation = YES;
				INFOPLIST_KEY_UISupportedInterfaceOrientations_iPad = "UIInterfaceOrientationPortrait UIInterfaceOrientationPortraitUpsideDown UIInterfaceOrientationLandscapeLeft UIInterfaceOrientationLandscapeRight";
				INFOPLIST_KEY_UISupportedInterfaceOrientations_iPhone = UIInterfaceOrientationPortrait;
				LD_RUNPATH_SEARCH_PATHS = (
					"$(inherited)",
					"@executable_path/Frameworks",
				);
				MARKETING_VERSION = 1.0;
				PRODUCT_BUNDLE_IDENTIFIER = com.janpschwietzer.CalPalSwift2;
				PRODUCT_NAME = "$(TARGET_NAME)";
				SWIFT_EMIT_LOC_STRINGS = YES;
				SWIFT_VERSION = 5.0;
				TARGETED_DEVICE_FAMILY = "1,2";
			};
			name = Release;
		};
/* End XCBuildConfiguration section */

/* Begin XCConfigurationList section */
		4B89A4BA2B0F731900DC7CD9 /* Build configuration list for PBXProject "CalPalSwift2" */ = {
			isa = XCConfigurationList;
			buildConfigurations = (
				4B89A4CB2B0F731A00DC7CD9 /* Debug */,
				4B89A4CC2B0F731A00DC7CD9 /* Release */,
			);
			defaultConfigurationIsVisible = 0;
			defaultConfigurationName = Release;
		};
		4B89A4CD2B0F731A00DC7CD9 /* Build configuration list for PBXNativeTarget "CalPalSwift2" */ = {
			isa = XCConfigurationList;
			buildConfigurations = (
				4B89A4CE2B0F731A00DC7CD9 /* Debug */,
				4B89A4CF2B0F731A00DC7CD9 /* Release */,
			);
			defaultConfigurationIsVisible = 0;
			defaultConfigurationName = Release;
		};
/* End XCConfigurationList section */
	};
	rootObject = 4B89A4B72B0F731900DC7CD9 /* Project object */;
}
